
Microsoft Visual Studio Solution File, Format Version 12.00
# Visual Studio 15
VisualStudioVersion = 15.0.26430.16
MinimumVisualStudioVersion = 10.0.40219.1
Project("{9A19103F-16F7-4668-BE54-9A1E7A4F7556}") = "NextcloudClient", "NextcloudClient\NextcloudClient.csproj", "{7B6DED5A-F01A-43A6-834D-7F2A8D9FE41A}"
EndProject
Project("{9A19103F-16F7-4668-BE54-9A1E7A4F7556}") = "ConsoleApp3", "ConsoleApp3\ConsoleApp3.csproj", "{46E761B9-EFF7-4C3A-8EEC-B67D2769623C}"
EndProject
Global
	GlobalSection(SolutionConfigurationPlatforms) = preSolution
		Debug|Any CPU = Debug|Any CPU
		Release|Any CPU = Release|Any CPU
	EndGlobalSection
	GlobalSection(ProjectConfigurationPlatforms) = postSolution
		{7B6DED5A-F01A-43A6-834D-7F2A8D9FE41A}.Debug|Any CPU.ActiveCfg = Debug|Any CPU
		{7B6DED5A-F01A-43A6-834D-7F2A8D9FE41A}.Debug|Any CPU.Build.0 = Debug|Any CPU
		{7B6DED5A-F01A-43A6-834D-7F2A8D9FE41A}.Release|Any CPU.ActiveCfg = Release|Any CPU
		{7B6DED5A-F01A-43A6-834D-7F2A8D9FE41A}.Release|Any CPU.Build.0 = Release|Any CPU
		{46E761B9-EFF7-4C3A-8EEC-B67D2769623C}.Debug|Any CPU.ActiveCfg = Debug|Any CPU
		{46E761B9-EFF7-4C3A-8EEC-B67D2769623C}.Debug|Any CPU.Build.0 = Debug|Any CPU
		{46E761B9-EFF7-4C3A-8EEC-B67D2769623C}.Release|Any CPU.ActiveCfg = Release|Any CPU
		{46E761B9-EFF7-4C3A-8EEC-B67D2769623C}.Release|Any CPU.Build.0 = Release|Any CPU
	EndGlobalSection
	GlobalSection(SolutionProperties) = preSolution
		HideSolutionNode = FALSE
	EndGlobalSection
EndGlobal
